PODS:
  - Flutter (1.0.0)
  - identification_card_identify (0.0.1):
    - Flutter

DEPENDENCIES:
  - Flutter (from `.symlinks/flutter/ios`)
  - identification_card_identify (from `.symlinks/plugins/identification_card_identify/ios`)

EXTERNAL SOURCES:
  Flutter:
    :path: ".symlinks/flutter/ios"
  identification_card_identify:
    :path: ".symlinks/plugins/identification_card_identify/ios"

SPEC CHECKSUMS:
  Flutter: 58dd7d1b27887414a370fcccb9e645c08ffd7a6a
  identification_card_identify: c88e143ae14114b5a6e62dedccf9a6e28ab29292

PODFILE CHECKSUM: aff02bfeed411c636180d6812254b2daeea14d09

COCOAPODS: 1.6.1
